
Microsoft Visual Studio Solution File, Format Version 12.00
# Visual Studio 15
VisualStudioVersion = 15.0.27703.2042
MinimumVisualStudioVersion = 10.0.40219.1
Project("{9A19103F-16F7-4668-BE54-9A1E7A4F7556}") = "AspNetCoreTodo", "AspNetCoreTodo.csproj", "{7AAAAAE5-9E7B-4B7A-9B23-1707FDDB065D}"
EndProject
Global
	GlobalSection(SolutionConfigurationPlatforms) = preSolution
		Debug|Any CPU = Debug|Any CPU
		Release|Any CPU = Release|Any CPU
	EndGlobalSection
	GlobalSection(ProjectConfigurationPlatforms) = postSolution
		{7AAAAAE5-9E7B-4B7A-9B23-1707FDDB065D}.Debug|Any CPU.ActiveCfg = Debug|Any CPU
		{7AAAAAE5-9E7B-4B7A-9B23-1707FDDB065D}.Debug|Any CPU.Build.0 = Debug|Any CPU
		{7AAAAAE5-9E7B-4B7A-9B23-1707FDDB065D}.Release|Any CPU.ActiveCfg = Release|Any CPU
		{7AAAAAE5-9E7B-4B7A-9B23-1707FDDB065D}.Release|Any CPU.Build.0 = Release|Any CPU
	EndGlobalSection
	GlobalSection(SolutionProperties) = preSolution
		HideSolutionNode = FALSE
	EndGlobalSection
	GlobalSection(ExtensibilityGlobals) = postSolution
		SolutionGuid = {17CDA9F4-C0E5-4A4D-909B-54ECE6929769}
	EndGlobalSection
EndGlobal
